// !$*UTF8*$!
{
	archiveVersion = 1;
	classes = {
	};
	objectVersion = 56;
	objects = {

/* Begin PBXBuildFile section */
		633A34652B8B1EF50082F5FB /* MovieDetail.swift in Sources */ = {isa = PBXBuildFile; fileRef = 633A34642B8B1EF50082F5FB /* MovieDetail.swift */; };
		633A346B2B8B23460082F5FB /* MovieDetailView.swift in Sources */ = {isa = PBXBuildFile; fileRef = 633A346A2B8B23460082F5FB /* MovieDetailView.swift */; };
		633A346D2B8B235A0082F5FB /* MovieDetailViewModel.swift in Sources */ = {isa = PBXBuildFile; fileRef = 633A346C2B8B235A0082F5FB /* MovieDetailViewModel.swift */; };
		633A346F2B8B339D0082F5FB /* BackdropView.swift in Sources */ = {isa = PBXBuildFile; fileRef = 633A346E2B8B339C0082F5FB /* BackdropView.swift */; };
		63A452E12B88F04200FAA9D7 /* MovieAppApp.swift in Sources */ = {isa = PBXBuildFile; fileRef = 63A452E02B88F04200FAA9D7 /* MovieAppApp.swift */; };
		63A452E32B88F04200FAA9D7 /* ContentView.swift in Sources */ = {isa = PBXBuildFile; fileRef = 63A452E22B88F04200FAA9D7 /* ContentView.swift */; };
		63A452E52B88F04400FAA9D7 /* Assets.xcassets in Resources */ = {isa = PBXBuildFile; fileRef = 63A452E42B88F04400FAA9D7 /* Assets.xcassets */; };
		63A452E82B88F04400FAA9D7 /* Preview Assets.xcassets in Resources */ = {isa = PBXBuildFile; fileRef = 63A452E72B88F04400FAA9D7 /* Preview Assets.xcassets */; };
		63A452EF2B88F28B00FAA9D7 /* HomeView.swift in Sources */ = {isa = PBXBuildFile; fileRef = 63A452EE2B88F28B00FAA9D7 /* HomeView.swift */; };
		63A452F32B88F5EE00FAA9D7 /* SearchBar.swift in Sources */ = {isa = PBXBuildFile; fileRef = 63A452F22B88F5EE00FAA9D7 /* SearchBar.swift */; };
		63A452F52B89002600FAA9D7 /* APIConstant.swift in Sources */ = {isa = PBXBuildFile; fileRef = 63A452F42B89002600FAA9D7 /* APIConstant.swift */; };
		63A452F92B89038300FAA9D7 /* Movie.swift in Sources */ = {isa = PBXBuildFile; fileRef = 63A452F82B89038300FAA9D7 /* Movie.swift */; };
		63A452FC2B8904B100FAA9D7 /* MovieCard.swift in Sources */ = {isa = PBXBuildFile; fileRef = 63A452FB2B8904B100FAA9D7 /* MovieCard.swift */; };
		63A452FE2B89141900FAA9D7 /* MovieImage.swift in Sources */ = {isa = PBXBuildFile; fileRef = 63A452FD2B89141900FAA9D7 /* MovieImage.swift */; };
		63A453032B89150600FAA9D7 /* MovieCardType.swift in Sources */ = {isa = PBXBuildFile; fileRef = 63A453022B89150600FAA9D7 /* MovieCardType.swift */; };
		63CC58882B89DA5100C5CA3D /* HomeViewModel.swift in Sources */ = {isa = PBXBuildFile; fileRef = 63CC58872B89DA5100C5CA3D /* HomeViewModel.swift */; };
		63CC588A2B89FCCF00C5CA3D /* CardLoader.swift in Sources */ = {isa = PBXBuildFile; fileRef = 63CC58892B89FCCF00C5CA3D /* CardLoader.swift */; };
		63CC588C2B8A0F3C00C5CA3D /* Genre.swift in Sources */ = {isa = PBXBuildFile; fileRef = 63CC588B2B8A0F3C00C5CA3D /* Genre.swift */; };
		63CC588E2B8A1BB900C5CA3D /* FilterBar.swift in Sources */ = {isa = PBXBuildFile; fileRef = 63CC588D2B8A1BB900C5CA3D /* FilterBar.swift */; };
/* End PBXBuildFile section */

/* Begin PBXFileReference section */
		633A34642B8B1EF50082F5FB /* MovieDetail.swift */ = {isa = PBXFileReference; lastKnownFileType = sourcecode.swift; path = MovieDetail.swift; sourceTree = "<group>"; };
		633A346A2B8B23460082F5FB /* MovieDetailView.swift */ = {isa = PBXFileReference; lastKnownFileType = sourcecode.swift; path = MovieDetailView.swift; sourceTree = "<group>"; };
		633A346C2B8B235A0082F5FB /* MovieDetailViewModel.swift */ = {isa = PBXFileReference; lastKnownFileType = sourcecode.swift; path = MovieDetailViewModel.swift; sourceTree = "<group>"; };
		633A346E2B8B339C0082F5FB /* BackdropView.swift */ = {isa = PBXFileReference; lastKnownFileType = sourcecode.swift; path = BackdropView.swift; sourceTree = "<group>"; };
		63A452DD2B88F04200FAA9D7 /* MovieApp.app */ = {isa = PBXFileReference; explicitFileType = wrapper.application; includeInIndex = 0; path = MovieApp.app; sourceTree = BUILT_PRODUCTS_DIR; };
		63A452E02B88F04200FAA9D7 /* MovieAppApp.swift */ = {isa = PBXFileReference; lastKnownFileType = sourcecode.swift; path = MovieAppApp.swift; sourceTree = "<group>"; };
		63A452E22B88F04200FAA9D7 /* ContentView.swift */ = {isa = PBXFileReference; lastKnownFileType = sourcecode.swift; path = ContentView.swift; sourceTree = "<group>"; };
		63A452E42B88F04400FAA9D7 /* Assets.xcassets */ = {isa = PBXFileReference; lastKnownFileType = folder.assetcatalog; path = Assets.xcassets; sourceTree = "<group>"; };
		63A452E72B88F04400FAA9D7 /* Preview Assets.xcassets */ = {isa = PBXFileReference; lastKnownFileType = folder.assetcatalog; path = "Preview Assets.xcassets"; sourceTree = "<group>"; };
		63A452EE2B88F28B00FAA9D7 /* HomeView.swift */ = {isa = PBXFileReference; lastKnownFileType = sourcecode.swift; path = HomeView.swift; sourceTree = "<group>"; };
		63A452F22B88F5EE00FAA9D7 /* SearchBar.swift */ = {isa = PBXFileReference; lastKnownFileType = sourcecode.swift; path = SearchBar.swift; sourceTree = "<group>"; };
		63A452F42B89002600FAA9D7 /* APIConstant.swift */ = {isa = PBXFileReference; lastKnownFileType = sourcecode.swift; path = APIConstant.swift; sourceTree = "<group>"; };
		63A452F82B89038300FAA9D7 /* Movie.swift */ = {isa = PBXFileReference; lastKnownFileType = sourcecode.swift; path = Movie.swift; sourceTree = "<group>"; };
		63A452FB2B8904B100FAA9D7 /* MovieCard.swift */ = {isa = PBXFileReference; lastKnownFileType = sourcecode.swift; path = MovieCard.swift; sourceTree = "<group>"; };
		63A452FD2B89141900FAA9D7 /* MovieImage.swift */ = {isa = PBXFileReference; lastKnownFileType = sourcecode.swift; path = MovieImage.swift; sourceTree = "<group>"; };
		63A453022B89150600FAA9D7 /* MovieCardType.swift */ = {isa = PBXFileReference; lastKnownFileType = sourcecode.swift; path = MovieCardType.swift; sourceTree = "<group>"; };
		63CC58872B89DA5100C5CA3D /* HomeViewModel.swift */ = {isa = PBXFileReference; lastKnownFileType = sourcecode.swift; path = HomeViewModel.swift; sourceTree = "<group>"; };
		63CC58892B89FCCF00C5CA3D /* CardLoader.swift */ = {isa = PBXFileReference; lastKnownFileType = sourcecode.swift; path = CardLoader.swift; sourceTree = "<group>"; };
		63CC588B2B8A0F3C00C5CA3D /* Genre.swift */ = {isa = PBXFileReference; lastKnownFileType = sourcecode.swift; path = Genre.swift; sourceTree = "<group>"; };
		63CC588D2B8A1BB900C5CA3D /* FilterBar.swift */ = {isa = PBXFileReference; lastKnownFileType = sourcecode.swift; path = FilterBar.swift; sourceTree = "<group>"; };
/* End PBXFileReference section */

/* Begin PBXFrameworksBuildPhase section */
		63A452DA2B88F04200FAA9D7 /* Frameworks */ = {
			isa = PBXFrameworksBuildPhase;
			buildActionMask = 2147483647;
			files = (
			);
			runOnlyForDeploymentPostprocessing = 0;
		};
/* End PBXFrameworksBuildPhase section */

/* Begin PBXGroup section */
		633A34662B8B21970082F5FB /* MovieDetail */ = {
			isa = PBXGroup;
			children = (
				633A34692B8B21C80082F5FB /* View */,
				633A34682B8B21BB0082F5FB /* ViewModel */,
				633A34672B8B21A90082F5FB /* Model */,
			);
			path = MovieDetail;
			sourceTree = "<group>";
		};
		633A34672B8B21A90082F5FB /* Model */ = {
			isa = PBXGroup;
			children = (
				633A34642B8B1EF50082F5FB /* MovieDetail.swift */,
			);
			path = Model;
			sourceTree = "<group>";
		};
		633A34682B8B21BB0082F5FB /* ViewModel */ = {
			isa = PBXGroup;
			children = (
				633A346C2B8B235A0082F5FB /* MovieDetailViewModel.swift */,
			);
			path = ViewModel;
			sourceTree = "<group>";
		};
		633A34692B8B21C80082F5FB /* View */ = {
			isa = PBXGroup;
			children = (
				633A346A2B8B23460082F5FB /* MovieDetailView.swift */,
				633A346E2B8B339C0082F5FB /* BackdropView.swift */,
			);
			path = View;
			sourceTree = "<group>";
		};
		63A452D42B88F04200FAA9D7 = {
			isa = PBXGroup;
			children = (
				63A452DF2B88F04200FAA9D7 /* MovieApp */,
				63A452DE2B88F04200FAA9D7 /* Products */,
			);
			sourceTree = "<group>";
		};
		63A452DE2B88F04200FAA9D7 /* Products */ = {
			isa = PBXGroup;
			children = (
				63A452DD2B88F04200FAA9D7 /* MovieApp.app */,
			);
			name = Products;
			sourceTree = "<group>";
		};
		63A452DF2B88F04200FAA9D7 /* MovieApp */ = {
			isa = PBXGroup;
			children = (
				63A452F12B88F5C600FAA9D7 /* Component */,
				63A452FF2B8914CA00FAA9D7 /* utils */,
				633A34662B8B21970082F5FB /* MovieDetail */,
				63A452F02B88F2A000FAA9D7 /* Home */,
				63A452E02B88F04200FAA9D7 /* MovieAppApp.swift */,
				63A452E22B88F04200FAA9D7 /* ContentView.swift */,
				63A452E42B88F04400FAA9D7 /* Assets.xcassets */,
				63A452E62B88F04400FAA9D7 /* Preview Content */,
			);
			path = MovieApp;
			sourceTree = "<group>";
		};
		63A452E62B88F04400FAA9D7 /* Preview Content */ = {
			isa = PBXGroup;
			children = (
				63A452E72B88F04400FAA9D7 /* Preview Assets.xcassets */,
			);
			path = "Preview Content";
			sourceTree = "<group>";
		};
		63A452F02B88F2A000FAA9D7 /* Home */ = {
			isa = PBXGroup;
			children = (
				63A452FA2B89044A00FAA9D7 /* View */,
				63A452F72B89033D00FAA9D7 /* ViewModel */,
				63A452F62B89032C00FAA9D7 /* Model */,
			);
			path = Home;
			sourceTree = "<group>";
		};
		63A452F12B88F5C600FAA9D7 /* Component */ = {
			isa = PBXGroup;
			children = (
				63A452F22B88F5EE00FAA9D7 /* SearchBar.swift */,
				63A452FD2B89141900FAA9D7 /* MovieImage.swift */,
			);
			path = Component;
			sourceTree = "<group>";
		};
		63A452F62B89032C00FAA9D7 /* Model */ = {
			isa = PBXGroup;
			children = (
				63A452F82B89038300FAA9D7 /* Movie.swift */,
				63CC588B2B8A0F3C00C5CA3D /* Genre.swift */,
			);
			path = Model;
			sourceTree = "<group>";
		};
		63A452F72B89033D00FAA9D7 /* ViewModel */ = {
			isa = PBXGroup;
			children = (
				63CC58872B89DA5100C5CA3D /* HomeViewModel.swift */,
			);
			path = ViewModel;
			sourceTree = "<group>";
		};
		63A452FA2B89044A00FAA9D7 /* View */ = {
			isa = PBXGroup;
			children = (
				63A452EE2B88F28B00FAA9D7 /* HomeView.swift */,
				63CC588D2B8A1BB900C5CA3D /* FilterBar.swift */,
				63A452FB2B8904B100FAA9D7 /* MovieCard.swift */,
				63CC58892B89FCCF00C5CA3D /* CardLoader.swift */,
			);
			path = View;
			sourceTree = "<group>";
		};
		63A452FF2B8914CA00FAA9D7 /* utils */ = {
			isa = PBXGroup;
			children = (
				63A452F42B89002600FAA9D7 /* APIConstant.swift */,
				63A453022B89150600FAA9D7 /* MovieCardType.swift */,
			);
			path = utils;
			sourceTree = "<group>";
		};
/* End PBXGroup section */

/* Begin PBXNativeTarget section */
		63A452DC2B88F04200FAA9D7 /* MovieApp */ = {
			isa = PBXNativeTarget;
			buildConfigurationList = 63A452EB2B88F04400FAA9D7 /* Build configuration list for PBXNativeTarget "MovieApp" */;
			buildPhases = (
				63A452D92B88F04200FAA9D7 /* Sources */,
				63A452DA2B88F04200FAA9D7 /* Frameworks */,
				63A452DB2B88F04200FAA9D7 /* Resources */,
			);
			buildRules = (
			);
			dependencies = (
			);
			name = MovieApp;
			productName = MovieApp;
			productReference = 63A452DD2B88F04200FAA9D7 /* MovieApp.app */;
			productType = "com.apple.product-type.application";
		};
/* End PBXNativeTarget section */

/* Begin PBXProject section */
		63A452D52B88F04200FAA9D7 /* Project object */ = {
			isa = PBXProject;
			attributes = {
				BuildIndependentTargetsInParallel = 1;
				LastSwiftUpdateCheck = 1500;
				LastUpgradeCheck = 1500;
				TargetAttributes = {
					63A452DC2B88F04200FAA9D7 = {
						CreatedOnToolsVersion = 15.0.1;
					};
				};
			};
			buildConfigurationList = 63A452D82B88F04200FAA9D7 /* Build configuration list for PBXProject "MovieApp" */;
			compatibilityVersion = "Xcode 14.0";
			developmentRegion = en;
			hasScannedForEncodings = 0;
			knownRegions = (
				en,
				Base,
			);
			mainGroup = 63A452D42B88F04200FAA9D7;
			productRefGroup = 63A452DE2B88F04200FAA9D7 /* Products */;
			projectDirPath = "";
			projectRoot = "";
			targets = (
				63A452DC2B88F04200FAA9D7 /* MovieApp */,
			);
		};
/* End PBXProject section */

/* Begin PBXResourcesBuildPhase section */
		63A452DB2B88F04200FAA9D7 /* Resources */ = {
			isa = PBXResourcesBuildPhase;
			buildActionMask = 2147483647;
			files = (
				63A452E82B88F04400FAA9D7 /* Preview Assets.xcassets in Resources */,
				63A452E52B88F04400FAA9D7 /* Assets.xcassets in Resources */,
			);
			runOnlyForDeploymentPostprocessing = 0;
		};
/* End PBXResourcesBuildPhase section */

/* Begin PBXSourcesBuildPhase section */
		63A452D92B88F04200FAA9D7 /* Sources */ = {
			isa = PBXSourcesBuildPhase;
			buildActionMask = 2147483647;
			files = (
				633A346B2B8B23460082F5FB /* MovieDetailView.swift in Sources */,
				63A452EF2B88F28B00FAA9D7 /* HomeView.swift in Sources */,
				633A34652B8B1EF50082F5FB /* MovieDetail.swift in Sources */,
				63A452F32B88F5EE00FAA9D7 /* SearchBar.swift in Sources */,
				633A346D2B8B235A0082F5FB /* MovieDetailViewModel.swift in Sources */,
				63A453032B89150600FAA9D7 /* MovieCardType.swift in Sources */,
				63CC58882B89DA5100C5CA3D /* HomeViewModel.swift in Sources */,
				63A452F92B89038300FAA9D7 /* Movie.swift in Sources */,
				63A452FC2B8904B100FAA9D7 /* MovieCard.swift in Sources */,
				63A452E32B88F04200FAA9D7 /* ContentView.swift in Sources */,
				63CC588C2B8A0F3C00C5CA3D /* Genre.swift in Sources */,
				63CC588A2B89FCCF00C5CA3D /* CardLoader.swift in Sources */,
				63A452F52B89002600FAA9D7 /* APIConstant.swift in Sources */,
				633A346F2B8B339D0082F5FB /* BackdropView.swift in Sources */,
				63A452FE2B89141900FAA9D7 /* MovieImage.swift in Sources */,
				63CC588E2B8A1BB900C5CA3D /* FilterBar.swift in Sources */,
				63A452E12B88F04200FAA9D7 /* MovieAppApp.swift in Sources */,
			);
			runOnlyForDeploymentPostprocessing = 0;
		};
/* End PBXSourcesBuildPhase section */

/* Begin XCBuildConfiguration section */
		63A452E92B88F04400FAA9D7 /* Debug */ = {
			isa = XCBuildConfiguration;
			buildSettings = {
				ALWAYS_SEARCH_USER_PATHS = NO;
				ASSETCATALOG_COMPILER_GENERATE_SWIFT_ASSET_SYMBOL_EXTENSIONS = YES;
				CLANG_ANALYZER_NONNULL = YES;
				CLANG_ANALYZER_NUMBER_OBJECT_CONVERSION = YES_AGGRESSIVE;
				CLANG_CXX_LANGUAGE_STANDARD = "gnu++20";
				CLANG_ENABLE_MODULES = YES;
				CLANG_ENABLE_OBJC_ARC = YES;
				CLANG_ENABLE_OBJC_WEAK = YES;
				CLANG_WARN_BLOCK_CAPTURE_AUTORELEASING = YES;
				CLANG_WARN_BOOL_CONVERSION = YES;
				CLANG_WARN_COMMA = YES;
				CLANG_WARN_CONSTANT_CONVERSION = YES;
				CLANG_WARN_DEPRECATED_OBJC_IMPLEMENTATIONS = YES;
				CLANG_WARN_DIRECT_OBJC_ISA_USAGE = YES_ERROR;
				CLANG_WARN_DOCUMENTATION_COMMENTS = YES;
				CLANG_WARN_EMPTY_BODY = YES;
				CLANG_WARN_ENUM_CONVERSION = YES;
				CLANG_WARN_INFINITE_RECURSION = YES;
				CLANG_WARN_INT_CONVERSION = YES;
				CLANG_WARN_NON_LITERAL_NULL_CONVERSION = YES;
				CLANG_WARN_OBJC_IMPLICIT_RETAIN_SELF = YES;
				CLANG_WARN_OBJC_LITERAL_CONVERSION = YES;
				CLANG_WARN_OBJC_ROOT_CLASS = YES_ERROR;
				CLANG_WARN_QUOTED_INCLUDE_IN_FRAMEWORK_HEADER = YES;
				CLANG_WARN_RANGE_LOOP_ANALYSIS = YES;
				CLANG_WARN_STRICT_PROTOTYPES = YES;
				CLANG_WARN_SUSPICIOUS_MOVE = YES;
				CLANG_WARN_UNGUARDED_AVAILABILITY = YES_AGGRESSIVE;
				CLANG_WARN_UNREACHABLE_CODE = YES;
				CLANG_WARN__DUPLICATE_METHOD_MATCH = YES;
				COPY_PHASE_STRIP = NO;
				DEBUG_INFORMATION_FORMAT = dwarf;
				ENABLE_STRICT_OBJC_MSGSEND = YES;
				ENABLE_TESTABILITY = YES;
				ENABLE_USER_SCRIPT_SANDBOXING = YES;
				GCC_C_LANGUAGE_STANDARD = gnu17;
				GCC_DYNAMIC_NO_PIC = NO;
				GCC_NO_COMMON_BLOCKS = YES;
				GCC_OPTIMIZATION_LEVEL = 0;
				GCC_PREPROCESSOR_DEFINITIONS = (
					"DEBUG=1",
					"$(inherited)",
				);
				GCC_WARN_64_TO_32_BIT_CONVERSION = YES;
				GCC_WARN_ABOUT_RETURN_TYPE = YES_ERROR;
				GCC_WARN_UNDECLARED_SELECTOR = YES;
				GCC_WARN_UNINITIALIZED_AUTOS = YES_AGGRESSIVE;
				GCC_WARN_UNUSED_FUNCTION = YES;
				GCC_WARN_UNUSED_VARIABLE = YES;
				IPHONEOS_DEPLOYMENT_TARGET = 17.0;
				LOCALIZATION_PREFERS_STRING_CATALOGS = YES;
				MTL_ENABLE_DEBUG_INFO = INCLUDE_SOURCE;
				MTL_FAST_MATH = YES;
				ONLY_ACTIVE_ARCH = YES;
				SDKROOT = iphoneos;
				SWIFT_ACTIVE_COMPILATION_CONDITIONS = "DEBUG $(inherited)";
				SWIFT_OPTIMIZATION_LEVEL = "-Onone";
			};
			name = Debug;
		};
		63A452EA2B88F04400FAA9D7 /* Release */ = {
			isa = XCBuildConfiguration;
			buildSettings = {
				ALWAYS_SEARCH_USER_PATHS = NO;
				ASSETCATALOG_COMPILER_GENERATE_SWIFT_ASSET_SYMBOL_EXTENSIONS = YES;
				CLANG_ANALYZER_NONNULL = YES;
				CLANG_ANALYZER_NUMBER_OBJECT_CONVERSION = YES_AGGRESSIVE;
				CLANG_CXX_LANGUAGE_STANDARD = "gnu++20";
				CLANG_ENABLE_MODULES = YES;
				CLANG_ENABLE_OBJC_ARC = YES;
				CLANG_ENABLE_OBJC_WEAK = YES;
				CLANG_WARN_BLOCK_CAPTURE_AUTORELEASING = YES;
				CLANG_WARN_BOOL_CONVERSION = YES;
				CLANG_WARN_COMMA = YES;
				CLANG_WARN_CONSTANT_CONVERSION = YES;
				CLANG_WARN_DEPRECATED_OBJC_IMPLEMENTATIONS = YES;
				CLANG_WARN_DIRECT_OBJC_ISA_USAGE = YES_ERROR;
				CLANG_WARN_DOCUMENTATION_COMMENTS = YES;
				CLANG_WARN_EMPTY_BODY = YES;
				CLANG_WARN_ENUM_CONVERSION = YES;
				CLANG_WARN_INFINITE_RECURSION = YES;
				CLANG_WARN_INT_CONVERSION = YES;
				CLANG_WARN_NON_LITERAL_NULL_CONVERSION = YES;
				CLANG_WARN_OBJC_IMPLICIT_RETAIN_SELF = YES;
				CLANG_WARN_OBJC_LITERAL_CONVERSION = YES;
				CLANG_WARN_OBJC_ROOT_CLASS = YES_ERROR;
				CLANG_WARN_QUOTED_INCLUDE_IN_FRAMEWORK_HEADER = YES;
				CLANG_WARN_RANGE_LOOP_ANALYSIS = YES;
				CLANG_WARN_STRICT_PROTOTYPES = YES;
				CLANG_WARN_SUSPICIOUS_MOVE = YES;
				CLANG_WARN_UNGUARDED_AVAILABILITY = YES_AGGRESSIVE;
				CLANG_WARN_UNREACHABLE_CODE = YES;
				CLANG_WARN__DUPLICATE_METHOD_MATCH = YES;
				COPY_PHASE_STRIP = NO;
				DEBUG_INFORMATION_FORMAT = "dwarf-with-dsym";
				ENABLE_NS_ASSERTIONS = NO;
				ENABLE_STRICT_OBJC_MSGSEND = YES;
				ENABLE_USER_SCRIPT_SANDBOXING = YES;
				GCC_C_LANGUAGE_STANDARD = gnu17;
				GCC_NO_COMMON_BLOCKS = YES;
				GCC_WARN_64_TO_32_BIT_CONVERSION = YES;
				GCC_WARN_ABOUT_RETURN_TYPE = YES_ERROR;
				GCC_WARN_UNDECLARED_SELECTOR = YES;
				GCC_WARN_UNINITIALIZED_AUTOS = YES_AGGRESSIVE;
				GCC_WARN_UNUSED_FUNCTION = YES;
				GCC_WARN_UNUSED_VARIABLE = YES;
				IPHONEOS_DEPLOYMENT_TARGET = 17.0;
				LOCALIZATION_PREFERS_STRING_CATALOGS = YES;
				MTL_ENABLE_DEBUG_INFO = NO;
				MTL_FAST_MATH = YES;
				SDKROOT = iphoneos;
				SWIFT_COMPILATION_MODE = wholemodule;
				VALIDATE_PRODUCT = YES;
			};
			name = Release;
		};
		63A452EC2B88F04400FAA9D7 /* Debug */ = {
			isa = XCBuildConfiguration;
			buildSettings = {
				ASSETCATALOG_COMPILER_APPICON_NAME = AppIcon;
				ASSETCATALOG_COMPILER_GLOBAL_ACCENT_COLOR_NAME = AccentColor;
				CODE_SIGN_STYLE = Automatic;
				CURRENT_PROJECT_VERSION = 1;
				DEVELOPMENT_ASSET_PATHS = "\"MovieApp/Preview Content\"";
				ENABLE_PREVIEWS = YES;
				GENERATE_INFOPLIST_FILE = YES;
				INFOPLIST_KEY_UIApplicationSceneManifest_Generation = YES;
				INFOPLIST_KEY_UIApplicationSupportsIndirectInputEvents = YES;
				INFOPLIST_KEY_UILaunchScreen_Generation = YES;
				INFOPLIST_KEY_UISupportedInterfaceOrientations_iPad = "UIInterfaceOrientationPortrait UIInterfaceOrientationPortraitUpsideDown UIInterfaceOrientationLandscapeLeft UIInterfaceOrientationLandscapeRight";
				INFOPLIST_KEY_UISupportedInterfaceOrientations_iPhone = "UIInterfaceOrientationPortrait UIInterfaceOrientationLandscapeLeft UIInterfaceOrientationLandscapeRight";
				LD_RUNPATH_SEARCH_PATHS = (
					"$(inherited)",
					"@executable_path/Frameworks",
				);
				MARKETING_VERSION = 1.0;
				PRODUCT_BUNDLE_IDENTIFIER = alilff.MovieApp;
				PRODUCT_NAME = "$(TARGET_NAME)";
				SWIFT_EMIT_LOC_STRINGS = YES;
				SWIFT_VERSION = 5.0;
				TARGETED_DEVICE_FAMILY = "1,2";
			};
			name = Debug;
		};
		63A452ED2B88F04400FAA9D7 /* Release */ = {
			isa = XCBuildConfiguration;
			buildSettings = {
				ASSETCATALOG_COMPILER_APPICON_NAME = AppIcon;
				ASSETCATALOG_COMPILER_GLOBAL_ACCENT_COLOR_NAME = AccentColor;
				CODE_SIGN_STYLE = Automatic;
				CURRENT_PROJECT_VERSION = 1;
				DEVELOPMENT_ASSET_PATHS = "\"MovieApp/Preview Content\"";
				ENABLE_PREVIEWS = YES;
				GENERATE_INFOPLIST_FILE = YES;
				INFOPLIST_KEY_UIApplicationSceneManifest_Generation = YES;
				INFOPLIST_KEY_UIApplicationSupportsIndirectInputEvents = YES;
				INFOPLIST_KEY_UILaunchScreen_Generation = YES;
				INFOPLIST_KEY_UISupportedInterfaceOrientations_iPad = "UIInterfaceOrientationPortrait UIInterfaceOrientationPortraitUpsideDown UIInterfaceOrientationLandscapeLeft UIInterfaceOrientationLandscapeRight";
				INFOPLIST_KEY_UISupportedInterfaceOrientations_iPhone = "UIInterfaceOrientationPortrait UIInterfaceOrientationLandscapeLeft UIInterfaceOrientationLandscapeRight";
				LD_RUNPATH_SEARCH_PATHS = (
					"$(inherited)",
					"@executable_path/Frameworks",
				);
				MARKETING_VERSION = 1.0;
				PRODUCT_BUNDLE_IDENTIFIER = alilff.MovieApp;
				PRODUCT_NAME = "$(TARGET_NAME)";
				SWIFT_EMIT_LOC_STRINGS = YES;
				SWIFT_VERSION = 5.0;
				TARGETED_DEVICE_FAMILY = "1,2";
			};
			name = Release;
		};
/* End XCBuildConfiguration section */

/* Begin XCConfigurationList section */
		63A452D82B88F04200FAA9D7 /* Build configuration list for PBXProject "MovieApp" */ = {
			isa = XCConfigurationList;
			buildConfigurations = (
				63A452E92B88F04400FAA9D7 /* Debug */,
				63A452EA2B88F04400FAA9D7 /* Release */,
			);
			defaultConfigurationIsVisible = 0;
			defaultConfigurationName = Release;
		};
		63A452EB2B88F04400FAA9D7 /* Build configuration list for PBXNativeTarget "MovieApp" */ = {
			isa = XCConfigurationList;
			buildConfigurations = (
				63A452EC2B88F04400FAA9D7 /* Debug */,
				63A452ED2B88F04400FAA9D7 /* Release */,
			);
			defaultConfigurationIsVisible = 0;
			defaultConfigurationName = Release;
		};
/* End XCConfigurationList section */
	};
	rootObject = 63A452D52B88F04200FAA9D7 /* Project object */;
}
